PODS:
  - AppAuth (1.7.2):
    - AppAuth/Core (= 1.7.2)
    - AppAuth/ExternalUserAgent (= 1.7.2)
  - AppAuth/Core (1.7.2)
  - AppAuth/ExternalUserAgent (1.7.2):
    - AppAuth/Core
  - Curve25519 (1.1)
  - ESPProvision (2.0.16):
    - ESPProvision/Core (= 2.0.16)
  - ESPProvision/Core (2.0.16):
    - Curve25519 (~> 1.1.0)
    - SwiftProtobuf (~> 1.5.0)
  - Flutter (1.0.0)
  - flutter_appauth (0.0.1):
    - AppAuth (= 1.7.2)
    - Flutter
  - flutter_esp_ble_prov (0.0.1):
    - ESPProvision
    - Flutter
  - flutter_secure_storage (6.0.0):
    - Flutter
  - flutter_web_auth_2 (3.0.0):
    - Flutter
  - oidc_ios (0.0.1):
    - Flutter
  - path_provider_foundation (0.0.1):
    - Flutter
    - FlutterMacOS
  - shared_preferences_foundation (0.0.1):
    - Flutter
    - FlutterMacOS
  - SwiftProtobuf (1.5.0)
  - url_launcher_ios (0.0.1):
    - Flutter

DEPENDENCIES:
  - Flutter (from `Flutter`)
  - flutter_appauth (from `.symlinks/plugins/flutter_appauth/ios`)
  - flutter_esp_ble_prov (from `.symlinks/plugins/flutter_esp_ble_prov/ios`)
  - flutter_secure_storage (from `.symlinks/plugins/flutter_secure_storage/ios`)
  - flutter_web_auth_2 (from `.symlinks/plugins/flutter_web_auth_2/ios`)
  - oidc_ios (from `.symlinks/plugins/oidc_ios/ios`)
  - path_provider_foundation (from `.symlinks/plugins/path_provider_foundation/darwin`)
  - shared_preferences_foundation (from `.symlinks/plugins/shared_preferences_foundation/darwin`)
  - url_launcher_ios (from `.symlinks/plugins/url_launcher_ios/ios`)

SPEC REPOS:
  trunk:
    - AppAuth
    - Curve25519
    - ESPProvision
    - SwiftProtobuf

EXTERNAL SOURCES:
  Flutter:
    :path: Flutter
  flutter_appauth:
    :path: ".symlinks/plugins/flutter_appauth/ios"
  flutter_esp_ble_prov:
    :path: ".symlinks/plugins/flutter_esp_ble_prov/ios"
  flutter_secure_storage:
    :path: ".symlinks/plugins/flutter_secure_storage/ios"
  flutter_web_auth_2:
    :path: ".symlinks/plugins/flutter_web_auth_2/ios"
  oidc_ios:
    :path: ".symlinks/plugins/oidc_ios/ios"
  path_provider_foundation:
    :path: ".symlinks/plugins/path_provider_foundation/darwin"
  shared_preferences_foundation:
    :path: ".symlinks/plugins/shared_preferences_foundation/darwin"
  url_launcher_ios:
    :path: ".symlinks/plugins/url_launcher_ios/ios"

SPEC CHECKSUMS:
  AppAuth: ca2458caccec349cc1e26d8d9e8fd7d22f1d01f3
  Curve25519: 5f595e906bd962248665978e2992a1fe96e2d831
  ESPProvision: 2e9b4b72d8bb880051882836b17f28f6537a7b77
  Flutter: e0871f40cf51350855a761d2e70bf5af5b9b5de7
  flutter_appauth: c5e36e22af413d4b5b2997d61c97f7350d9bd25b
  flutter_esp_ble_prov: a18fa58626e98c50e663a3d054dd99b9dde6b84d
  flutter_secure_storage: 23fc622d89d073675f2eaa109381aefbcf5a49be
  flutter_web_auth_2: 051cf9f5dc366f31b5dcc4e2952c2b954767be8a
  oidc_ios: e80c00b7089ae7cdc45ab9ed636fdaed3e01e6a1
  path_provider_foundation: 3784922295ac71e43754bd15e0653ccfd36a147c
  shared_preferences_foundation: b4c3b4cddf1c21f02770737f147a3f5da9d39695
  SwiftProtobuf: 241400280f912735c1e1b9fe675fdd2c6c4d42e2
  url_launcher_ios: 6116280ddcfe98ab8820085d8d76ae7449447586

PODFILE CHECKSUM: 819463e6a0290f5a72f145ba7cde16e8b6ef0796

COCOAPODS: 1.15.2
